
Microsoft Visual Studio Solution File, Format Version 12.00
# Visual Studio Version 17
VisualStudioVersion = 17.0.32112.339
MinimumVisualStudioVersion = 10.0.40219.1
Project("{FAE04EC0-301F-11D3-BF4B-00C04F79EFBC}") = "leavestatusmodule", "leavestatusmodule\leavestatusmodule.csproj", "{AD94BA0C-D686-468D-8CBF-EA41F318B040}"
EndProject
Global
	GlobalSection(SolutionConfigurationPlatforms) = preSolution
		Debug|Any CPU = Debug|Any CPU
		Release|Any CPU = Release|Any CPU
	EndGlobalSection
	GlobalSection(ProjectConfigurationPlatforms) = postSolution
		{AD94BA0C-D686-468D-8CBF-EA41F318B040}.Debug|Any CPU.ActiveCfg = Debug|Any CPU
		{AD94BA0C-D686-468D-8CBF-EA41F318B040}.Debug|Any CPU.Build.0 = Debug|Any CPU
		{AD94BA0C-D686-468D-8CBF-EA41F318B040}.Debug|Any CPU.Deploy.0 = Debug|Any CPU
		{AD94BA0C-D686-468D-8CBF-EA41F318B040}.Release|Any CPU.ActiveCfg = Release|Any CPU
		{AD94BA0C-D686-468D-8CBF-EA41F318B040}.Release|Any CPU.Build.0 = Release|Any CPU
		{AD94BA0C-D686-468D-8CBF-EA41F318B040}.Release|Any CPU.Deploy.0 = Release|Any CPU
	EndGlobalSection
	GlobalSection(SolutionProperties) = preSolution
		HideSolutionNode = FALSE
	EndGlobalSection
	GlobalSection(ExtensibilityGlobals) = postSolution
		SolutionGuid = {47339C3C-056A-413D-8A8D-54DFE2BC2944}
	EndGlobalSection
EndGlobal
