
Microsoft Visual Studio Solution File, Format Version 12.00
# Visual Studio Version 16
VisualStudioVersion = 16.0.32126.315
MinimumVisualStudioVersion = 10.0.40219.1
Project("{FAE04EC0-301F-11D3-BF4B-00C04F79EFBC}") = "intern_profile", "intern_profile\intern_profile.csproj", "{DE5EF193-AA1C-4855-932C-4B8097B8AB89}"
EndProject
Global
	GlobalSection(SolutionConfigurationPlatforms) = preSolution
		Debug|Any CPU = Debug|Any CPU
		Release|Any CPU = Release|Any CPU
	EndGlobalSection
	GlobalSection(ProjectConfigurationPlatforms) = postSolution
		{DE5EF193-AA1C-4855-932C-4B8097B8AB89}.Debug|Any CPU.ActiveCfg = Debug|Any CPU
		{DE5EF193-AA1C-4855-932C-4B8097B8AB89}.Debug|Any CPU.Build.0 = Debug|Any CPU
		{DE5EF193-AA1C-4855-932C-4B8097B8AB89}.Debug|Any CPU.Deploy.0 = Debug|Any CPU
		{DE5EF193-AA1C-4855-932C-4B8097B8AB89}.Release|Any CPU.ActiveCfg = Release|Any CPU
		{DE5EF193-AA1C-4855-932C-4B8097B8AB89}.Release|Any CPU.Build.0 = Release|Any CPU
		{DE5EF193-AA1C-4855-932C-4B8097B8AB89}.Release|Any CPU.Deploy.0 = Release|Any CPU
	EndGlobalSection
	GlobalSection(SolutionProperties) = preSolution
		HideSolutionNode = FALSE
	EndGlobalSection
	GlobalSection(ExtensibilityGlobals) = postSolution
		SolutionGuid = {B63E5D8D-3BF1-4819-AC0C-D8766E4BFDC8}
	EndGlobalSection
EndGlobal
